
Microsoft Visual Studio Solution File, Format Version 12.00
# Visual Studio Version 17
VisualStudioVersion = 17.7.34009.444
MinimumVisualStudioVersion = 10.0.40219.1
Project("{9A19103F-16F7-4668-BE54-9A1E7A4F7556}") = "TicTac", "TicToc\TicTac.csproj", "{ADD0F8C1-971A-41DD-BCC7-D025F17CC060}"
EndProject
Global
	GlobalSection(SolutionConfigurationPlatforms) = preSolution
		Debug|Any CPU = Debug|Any CPU
		Release|Any CPU = Release|Any CPU
	EndGlobalSection
	GlobalSection(ProjectConfigurationPlatforms) = postSolution
		{ADD0F8C1-971A-41DD-BCC7-D025F17CC060}.Debug|Any CPU.ActiveCfg = Debug|Any CPU
		{ADD0F8C1-971A-41DD-BCC7-D025F17CC060}.Debug|Any CPU.Build.0 = Debug|Any CPU
		{ADD0F8C1-971A-41DD-BCC7-D025F17CC060}.Release|Any CPU.ActiveCfg = Release|Any CPU
		{ADD0F8C1-971A-41DD-BCC7-D025F17CC060}.Release|Any CPU.Build.0 = Release|Any CPU
	EndGlobalSection
	GlobalSection(SolutionProperties) = preSolution
		HideSolutionNode = FALSE
	EndGlobalSection
	GlobalSection(ExtensibilityGlobals) = postSolution
		SolutionGuid = {74E547CE-3D1D-4415-9DF8-3B8B5A97C430}
	EndGlobalSection
EndGlobal
